
Microsoft Visual Studio Solution File, Format Version 12.00
# Visual Studio Version 17
VisualStudioVersion = 17.3.32825.248
MinimumVisualStudioVersion = 10.0.40219.1
Project("{FAE04EC0-301F-11D3-BF4B-00C04F79EFBC}") = "SNOWFALLCHERN", "SNOWFALLCHERN.csproj", "{2590798A-E3E7-4CDE-AF3E-B05AAB23CED0}"
EndProject
Global
	GlobalSection(SolutionConfigurationPlatforms) = preSolution
		Debug|Any CPU = Debug|Any CPU
		Release|Any CPU = Release|Any CPU
	EndGlobalSection
	GlobalSection(ProjectConfigurationPlatforms) = postSolution
		{2590798A-E3E7-4CDE-AF3E-B05AAB23CED0}.Debug|Any CPU.ActiveCfg = Debug|Any CPU
		{2590798A-E3E7-4CDE-AF3E-B05AAB23CED0}.Debug|Any CPU.Build.0 = Debug|Any CPU
		{2590798A-E3E7-4CDE-AF3E-B05AAB23CED0}.Release|Any CPU.ActiveCfg = Release|Any CPU
		{2590798A-E3E7-4CDE-AF3E-B05AAB23CED0}.Release|Any CPU.Build.0 = Release|Any CPU
	EndGlobalSection
	GlobalSection(SolutionProperties) = preSolution
		HideSolutionNode = FALSE
	EndGlobalSection
	GlobalSection(ExtensibilityGlobals) = postSolution
		SolutionGuid = {591C6286-CB5C-4350-8D24-324FEAFC04E6}
	EndGlobalSection
EndGlobal
